
Microsoft Visual Studio Solution File, Format Version 12.00
# Visual Studio Version 17
VisualStudioVersion = 17.12.35707.178
MinimumVisualStudioVersion = 10.0.40219.1
Project("{FAE04EC0-301F-11D3-BF4B-00C04F79EFBC}") = "UI", "UI\UI.csproj", "{9E5A133B-BA67-4FC2-B2C6-2EAD10197C01}"
EndProject
Project("{2150E333-8FDC-42A3-9474-1A3956D46DE8}") = "Texto", "Texto", "{CE17A6BF-1FD9-4A40-9176-E6F88FACEFC6}"
	ProjectSection(SolutionItems) = preProject
		Tekiste.txt = Tekiste.txt
		zzzzzzz.txt = zzzzzzz.txt
	EndProjectSection
EndProject
Project("{FAE04EC0-301F-11D3-BF4B-00C04F79EFBC}") = "GameServer", "GameServer\GameServer.csproj", "{73C8E337-54AE-4BB6-BAD3-761573941C6F}"
EndProject
Project("{FAE04EC0-301F-11D3-BF4B-00C04F79EFBC}") = "Models", "Models\Models.csproj", "{A061E31E-37B4-4244-9106-8CD0905726B9}"
EndProject
Global
	GlobalSection(SolutionConfigurationPlatforms) = preSolution
		Debug|Any CPU = Debug|Any CPU
		Release|Any CPU = Release|Any CPU
	EndGlobalSection
	GlobalSection(ProjectConfigurationPlatforms) = postSolution
		{9E5A133B-BA67-4FC2-B2C6-2EAD10197C01}.Debug|Any CPU.ActiveCfg = Debug|Any CPU
		{9E5A133B-BA67-4FC2-B2C6-2EAD10197C01}.Debug|Any CPU.Build.0 = Debug|Any CPU
		{9E5A133B-BA67-4FC2-B2C6-2EAD10197C01}.Debug|Any CPU.Deploy.0 = Debug|Any CPU
		{9E5A133B-BA67-4FC2-B2C6-2EAD10197C01}.Release|Any CPU.ActiveCfg = Release|Any CPU
		{9E5A133B-BA67-4FC2-B2C6-2EAD10197C01}.Release|Any CPU.Build.0 = Release|Any CPU
		{9E5A133B-BA67-4FC2-B2C6-2EAD10197C01}.Release|Any CPU.Deploy.0 = Release|Any CPU
		{73C8E337-54AE-4BB6-BAD3-761573941C6F}.Debug|Any CPU.ActiveCfg = Debug|Any CPU
		{73C8E337-54AE-4BB6-BAD3-761573941C6F}.Debug|Any CPU.Build.0 = Debug|Any CPU
		{73C8E337-54AE-4BB6-BAD3-761573941C6F}.Release|Any CPU.ActiveCfg = Release|Any CPU
		{73C8E337-54AE-4BB6-BAD3-761573941C6F}.Release|Any CPU.Build.0 = Release|Any CPU
		{A061E31E-37B4-4244-9106-8CD0905726B9}.Debug|Any CPU.ActiveCfg = Debug|Any CPU
		{A061E31E-37B4-4244-9106-8CD0905726B9}.Debug|Any CPU.Build.0 = Debug|Any CPU
		{A061E31E-37B4-4244-9106-8CD0905726B9}.Release|Any CPU.ActiveCfg = Release|Any CPU
		{A061E31E-37B4-4244-9106-8CD0905726B9}.Release|Any CPU.Build.0 = Release|Any CPU
	EndGlobalSection
	GlobalSection(SolutionProperties) = preSolution
		HideSolutionNode = FALSE
	EndGlobalSection
EndGlobal
